<?xml version="1.0" encoding="utf-8"?>
<Project ToolsVersion="4.0" xmlns="http://schemas.microsoft.com/developer/msbuild/2003">
  <ItemGroup>
    <Filter Include="Main">
      <UniqueIdentifier>{2214fc88-8f58-4973-864f-d844f7f5f1d1}</UniqueIdentifier>
    </Filter>
    <Filter Include="Utils">
      <UniqueIdentifier>{f103fcb0-d003-4499-8029-d8c6f4a61956}</UniqueIdentifier>
    </Filter>
    <Filter Include="Core Modules">
      <UniqueIdentifier>{2176e530-87e7-4623-9908-db7c9a43f697}</UniqueIdentifier>
    </Filter>
    <Filter Include="Game Modules">
      <UniqueIdentifier>{7448d784-af1c-483f-840d-25a27d82543f}</UniqueIdentifier>
    </Filter>
    <Filter Include="StatesMachine">
      <UniqueIdentifier>{45a7de60-0297-4e26-b236-8d1fef8154c7}</UniqueIdentifier>
    </Filter>
    <Filter Include="Particles">
      <UniqueIdentifier>{eca908b3-fe8d-4fdd-8b7d-5fe36d8e342a}</UniqueIdentifier>
    </Filter>
    <Filter Include="StatesMachine\Player States">
      <UniqueIdentifier>{cb494a39-edf0-4876-88d9-5d34ee8ac880}</UniqueIdentifier>
    </Filter>
    <Filter Include="StatesMachine\Dino States">
      <UniqueIdentifier>{6341cdef-072c-4dea-938a-31d07deeb570}</UniqueIdentifier>
    </Filter>
    <Filter Include="Sprites">
      <UniqueIdentifier>{eaa0df27-b3fb-45b1-a43d-8c62f7f0de59}</UniqueIdentifier>
    </Filter>
  </ItemGroup>
  <ItemGroup>
    <ClCompile Include="Application.cpp">
      <Filter>Main</Filter>
    </ClCompile>
    <ClCompile Include="Main.cpp">
      <Filter>Main</Filter>
    </ClCompile>
    <ClCompile Include="Module.cpp">
      <Filter>Core Modules</Filter>
    </ClCompile>
    <ClCompile Include="ModuleInput.cpp">
      <Filter>Core Modules</Filter>
    </ClCompile>
    <ClCompile Include="ModuleWindow.cpp">
      <Filter>Core Modules</Filter>
    </ClCompile>
    <ClCompile Include="Log.cpp">
      <Filter>Utils</Filter>
    </ClCompile>
    <ClCompile Include="ModuleTextures.cpp">
      <Filter>Core Modules</Filter>
    </ClCompile>
    <ClCompile Include="ModuleRender.cpp">
      <Filter>Core Modules</Filter>
    </ClCompile>
    <ClCompile Include="ModuleSceneTitle.cpp">
      <Filter>Game Modules</Filter>
    </ClCompile>
    <ClCompile Include="ModuleBeginLevel.cpp">
      <Filter>Core Modules</Filter>
    </ClCompile>
    <ClCompile Include="File.cpp">
      <Filter>Utils</Filter>
    </ClCompile>
    <ClCompile Include="ModuleSceneDino.cpp">
      <Filter>Game Modules</Filter>
    </ClCompile>
    <ClCompile Include="Animation.cpp">
      <Filter>Utils</Filter>
    </ClCompile>
    <ClCompile Include="ModulePlayer.cpp">
      <Filter>Game Modules</Filter>
    </ClCompile>
    <ClCompile Include="Collider.cpp">
      <Filter>Utils</Filter>
    </ClCompile>
    <ClCompile Include="ModuleCollisions.cpp">
      <Filter>Core Modules</Filter>
    </ClCompile>
    <ClCompile Include="ModuleParticles.cpp">
      <Filter>Core Modules</Filter>
    </ClCompile>
    <ClCompile Include="ParticleAxe.cpp">
      <Filter>Particles</Filter>
    </ClCompile>
    <ClCompile Include="Particle.cpp">
      <Filter>Particles</Filter>
    </ClCompile>
    <ClCompile Include="Timer.cpp">
      <Filter>Utils</Filter>
    </ClCompile>
    <ClCompile Include="ParticleStone.cpp">
      <Filter>Particles</Filter>
    </ClCompile>
    <ClCompile Include="ParticleEnemy.cpp">
      <Filter>Particles</Filter>
    </ClCompile>
    <ClCompile Include="ModuleDino.cpp">
      <Filter>Game Modules</Filter>
    </ClCompile>
    <ClCompile Include="WalkState.cpp">
      <Filter>StatesMachine\Player States</Filter>
    </ClCompile>
    <ClCompile Include="CrouchState.cpp">
      <Filter>StatesMachine\Player States</Filter>
    </ClCompile>
    <ClCompile Include="IdleState.cpp">
      <Filter>StatesMachine\Player States</Filter>
    </ClCompile>
    <ClCompile Include="JumpState.cpp">
      <Filter>StatesMachine\Player States</Filter>
    </ClCompile>
    <ClCompile Include="LookupState.cpp">
      <Filter>StatesMachine\Player States</Filter>
    </ClCompile>
    <ClCompile Include="ShotcrouchState.cpp">
      <Filter>StatesMachine\Player States</Filter>
    </ClCompile>
    <ClCompile Include="ShotupState.cpp">
      <Filter>StatesMachine\Player States</Filter>
    </ClCompile>
    <ClCompile Include="AgressiveAttackState.cpp">
      <Filter>StatesMachine\Dino States</Filter>
    </ClCompile>
    <ClCompile Include="MoveState.cpp">
      <Filter>StatesMachine\Dino States</Filter>
    </ClCompile>
    <ClCompile Include="DecideActionState.cpp">
      <Filter>StatesMachine\Dino States</Filter>
    </ClCompile>
    <ClCompile Include="AttackState.cpp">
      <Filter>StatesMachine\Dino States</Filter>
    </ClCompile>
    <ClCompile Include="ParticleDinoTail.cpp">
      <Filter>Particles</Filter>
    </ClCompile>
    <ClCompile Include="Sprite.cpp">
      <Filter>Sprites</Filter>
    </ClCompile>
    <ClCompile Include="SpriteDinoBody.cpp">
      <Filter>Sprites</Filter>
    </ClCompile>
    <ClCompile Include="SuperHitState.cpp">
      <Filter>StatesMachine\Dino States</Filter>
    </ClCompile>
    <ClCompile Include="DinoDefeatedState.cpp">
      <Filter>StatesMachine\Dino States</Filter>
    </ClCompile>
    <ClCompile Include="AttackedState.cpp">
      <Filter>StatesMachine\Player States</Filter>
    </ClCompile>
    <ClCompile Include="PlayerDefeatedState.cpp">
      <Filter>StatesMachine\Player States</Filter>
    </ClCompile>
    <ClCompile Include="ParticleArm.cpp">
      <Filter>Particles</Filter>
    </ClCompile>
    <ClCompile Include="TiredState.cpp">
      <Filter>StatesMachine\Player States</Filter>
    </ClCompile>
    <ClCompile Include="ShotWeaponState.cpp">
      <Filter>StatesMachine\Player States</Filter>
    </ClCompile>
    <ClCompile Include="DinoState.cpp">
      <Filter>StatesMachine\Dino States</Filter>
    </ClCompile>
    <ClCompile Include="ModuleAudio.cpp">
      <Filter>Core Modules</Filter>
    </ClCompile>
    <ClCompile Include="PlayerState.cpp">
      <Filter>StatesMachine\Player States</Filter>
    </ClCompile>
    <ClCompile Include="ModuleHud.cpp">
      <Filter>Core Modules</Filter>
    </ClCompile>
    <ClCompile Include="SpritePlatform.cpp">
      <Filter>Sprites</Filter>
    </ClCompile>
    <ClCompile Include="ParticleHit.cpp">
      <Filter>Particles</Filter>
    </ClCompile>
    <ClCompile Include="ParticleWheel.cpp">
      <Filter>Particles</Filter>
    </ClCompile>
    <ClCompile Include="ParticleItem.cpp">
      <Filter>Particles</Filter>
    </ClCompile>
    <ClCompile Include="ParticleBone.cpp">
      <Filter>Particles</Filter>
    </ClCompile>
    <ClCompile Include="ParticleTusk.cpp">
      <Filter>Particles</Filter>
    </ClCompile>
  </ItemGroup>
  <ItemGroup>
    <ClInclude Include="Application.h">
      <Filter>Main</Filter>
    </ClInclude>
    <ClInclude Include="Globals.h">
      <Filter>Main</Filter>
    </ClInclude>
    <ClInclude Include="Module.h">
      <Filter>Core Modules</Filter>
    </ClInclude>
    <ClInclude Include="ModuleInput.h">
      <Filter>Core Modules</Filter>
    </ClInclude>
    <ClInclude Include="ModuleWindow.h">
      <Filter>Core Modules</Filter>
    </ClInclude>
    <ClInclude Include="ModuleTextures.h">
      <Filter>Core Modules</Filter>
    </ClInclude>
    <ClInclude Include="ModuleRender.h">
      <Filter>Core Modules</Filter>
    </ClInclude>
    <ClInclude Include="ModuleSceneTitle.h">
      <Filter>Game Modules</Filter>
    </ClInclude>
    <ClInclude Include="ModuleBeginLevel.h">
      <Filter>Core Modules</Filter>
    </ClInclude>
    <ClInclude Include="File.h">
      <Filter>Utils</Filter>
    </ClInclude>
    <ClInclude Include="ModuleSceneDino.h">
      <Filter>Game Modules</Filter>
    </ClInclude>
    <ClInclude Include="Animation.h">
      <Filter>Utils</Filter>
    </ClInclude>
    <ClInclude Include="ModulePlayer.h">
      <Filter>Game Modules</Filter>
    </ClInclude>
    <ClInclude Include="Collider.h">
      <Filter>Utils</Filter>
    </ClInclude>
    <ClInclude Include="ModuleCollisions.h">
      <Filter>Core Modules</Filter>
    </ClInclude>
    <ClInclude Include="ModuleParticles.h">
      <Filter>Core Modules</Filter>
    </ClInclude>
    <ClInclude Include="ParticleAxe.h">
      <Filter>Particles</Filter>
    </ClInclude>
    <ClInclude Include="Particle.h">
      <Filter>Particles</Filter>
    </ClInclude>
    <ClInclude Include="Timer.h">
      <Filter>Utils</Filter>
    </ClInclude>
    <ClInclude Include="ParticleStone.h">
      <Filter>Particles</Filter>
    </ClInclude>
    <ClInclude Include="ParticleEnemy.h">
      <Filter>Particles</Filter>
    </ClInclude>
    <ClInclude Include="ModuleDino.h">
      <Filter>Game Modules</Filter>
    </ClInclude>
    <ClInclude Include="CrouchState.h">
      <Filter>StatesMachine\Player States</Filter>
    </ClInclude>
    <ClInclude Include="IdleState.h">
      <Filter>StatesMachine\Player States</Filter>
    </ClInclude>
    <ClInclude Include="JumpState.h">
      <Filter>StatesMachine\Player States</Filter>
    </ClInclude>
    <ClInclude Include="LookupState.h">
      <Filter>StatesMachine\Player States</Filter>
    </ClInclude>
    <ClInclude Include="PlayerState.h">
      <Filter>StatesMachine\Player States</Filter>
    </ClInclude>
    <ClInclude Include="ShotcrouchState.h">
      <Filter>StatesMachine\Player States</Filter>
    </ClInclude>
    <ClInclude Include="ShotupState.h">
      <Filter>StatesMachine\Player States</Filter>
    </ClInclude>
    <ClInclude Include="WalkState.h">
      <Filter>StatesMachine\Player States</Filter>
    </ClInclude>
    <ClInclude Include="DinoState.h">
      <Filter>StatesMachine\Dino States</Filter>
    </ClInclude>
    <ClInclude Include="AgressiveAttackState.h">
      <Filter>StatesMachine\Dino States</Filter>
    </ClInclude>
    <ClInclude Include="MoveState.h">
      <Filter>StatesMachine\Dino States</Filter>
    </ClInclude>
    <ClInclude Include="DecideActionState.h">
      <Filter>StatesMachine\Dino States</Filter>
    </ClInclude>
    <ClInclude Include="AttackState.h">
      <Filter>StatesMachine\Dino States</Filter>
    </ClInclude>
    <ClInclude Include="ParticleDinoTail.h">
      <Filter>Particles</Filter>
    </ClInclude>
    <ClInclude Include="Sprite.h">
      <Filter>Sprites</Filter>
    </ClInclude>
    <ClInclude Include="SpriteDinoBody.h">
      <Filter>Sprites</Filter>
    </ClInclude>
    <ClInclude Include="SuperHitState.h">
      <Filter>StatesMachine\Dino States</Filter>
    </ClInclude>
    <ClInclude Include="DinoDefeatedState.h">
      <Filter>StatesMachine\Dino States</Filter>
    </ClInclude>
    <ClInclude Include="AttackedState.h">
      <Filter>StatesMachine\Player States</Filter>
    </ClInclude>
    <ClInclude Include="PlayerDefeatedState.h">
      <Filter>StatesMachine\Player States</Filter>
    </ClInclude>
    <ClInclude Include="ParticleArm.h">
      <Filter>Particles</Filter>
    </ClInclude>
    <ClInclude Include="TiredState.h">
      <Filter>StatesMachine\Player States</Filter>
    </ClInclude>
    <ClInclude Include="ShotWeaponState.h">
      <Filter>StatesMachine\Player States</Filter>
    </ClInclude>
    <ClInclude Include="ModuleAudio.h">
      <Filter>Core Modules</Filter>
    </ClInclude>
    <ClInclude Include="ModuleHud.h">
      <Filter>Core Modules</Filter>
    </ClInclude>
    <ClInclude Include="SpritePlatform.h">
      <Filter>Sprites</Filter>
    </ClInclude>
    <ClInclude Include="ParticleHit.h">
      <Filter>Particles</Filter>
    </ClInclude>
    <ClInclude Include="ParticleWheel.h">
      <Filter>Particles</Filter>
    </ClInclude>
    <ClInclude Include="ParticleItem.h">
      <Filter>Particles</Filter>
    </ClInclude>
    <ClInclude Include="ParticleBone.h">
      <Filter>Particles</Filter>
    </ClInclude>
    <ClInclude Include="ParticleTusk.h">
      <Filter>Particles</Filter>
    </ClInclude>
  </ItemGroup>
  <ItemGroup>
    <None Include="ClassDiagram.cd" />
  </ItemGroup>
</Project>