<?xml version="1.0" encoding="utf-8"?>
<Project ToolsVersion="4.0" xmlns="http://schemas.microsoft.com/developer/msbuild/2003">
  <ItemGroup>
    <Filter Include="Main">
      <UniqueIdentifier>{2214fc88-8f58-4973-864f-d844f7f5f1d1}</UniqueIdentifier>
    </Filter>
    <Filter Include="Utils">
      <UniqueIdentifier>{f103fcb0-d003-4499-8029-d8c6f4a61956}</UniqueIdentifier>
    </Filter>
    <Filter Include="Core Modules">
      <UniqueIdentifier>{2176e530-87e7-4623-9908-db7c9a43f697}</UniqueIdentifier>
    </Filter>
    <Filter Include="Game Modules">
      <UniqueIdentifier>{7448d784-af1c-483f-840d-25a27d82543f}</UniqueIdentifier>
    </Filter>
  </ItemGroup>
  <ItemGroup>
    <ClCompile Include="Application.cpp">
      <Filter>Main</Filter>
    </ClCompile>
    <ClCompile Include="Main.cpp">
      <Filter>Main</Filter>
    </ClCompile>
    <ClCompile Include="Module.cpp">
      <Filter>Core Modules</Filter>
    </ClCompile>
    <ClCompile Include="ModuleInput.cpp">
      <Filter>Core Modules</Filter>
    </ClCompile>
    <ClCompile Include="ModuleWindow.cpp">
      <Filter>Core Modules</Filter>
    </ClCompile>
    <ClCompile Include="Log.cpp">
      <Filter>Utils</Filter>
    </ClCompile>
    <ClCompile Include="ModuleTextures.cpp">
      <Filter>Core Modules</Filter>
    </ClCompile>
    <ClCompile Include="ModuleRender.cpp">
      <Filter>Core Modules</Filter>
    </ClCompile>
    <ClCompile Include="ModuleSceneTitle.cpp">
      <Filter>Game Modules</Filter>
    </ClCompile>
    <ClCompile Include="ModuleBeginLevel.cpp">
      <Filter>Core Modules</Filter>
    </ClCompile>
    <ClCompile Include="File.cpp">
      <Filter>Utils</Filter>
    </ClCompile>
    <ClCompile Include="ModuleSceneDino.cpp">
      <Filter>Game Modules</Filter>
    </ClCompile>
  </ItemGroup>
  <ItemGroup>
    <ClInclude Include="Application.h">
      <Filter>Main</Filter>
    </ClInclude>
    <ClInclude Include="Globals.h">
      <Filter>Main</Filter>
    </ClInclude>
    <ClInclude Include="Module.h">
      <Filter>Core Modules</Filter>
    </ClInclude>
    <ClInclude Include="ModuleInput.h">
      <Filter>Core Modules</Filter>
    </ClInclude>
    <ClInclude Include="ModuleWindow.h">
      <Filter>Core Modules</Filter>
    </ClInclude>
    <ClInclude Include="ModuleTextures.h">
      <Filter>Core Modules</Filter>
    </ClInclude>
    <ClInclude Include="ModuleRender.h">
      <Filter>Core Modules</Filter>
    </ClInclude>
    <ClInclude Include="ModuleSceneTitle.h">
      <Filter>Game Modules</Filter>
    </ClInclude>
    <ClInclude Include="ModuleBeginLevel.h">
      <Filter>Core Modules</Filter>
    </ClInclude>
    <ClInclude Include="File.h">
      <Filter>Utils</Filter>
    </ClInclude>
    <ClInclude Include="ModuleSceneDino.h">
      <Filter>Game Modules</Filter>
    </ClInclude>
  </ItemGroup>
</Project>